
Microsoft Visual Studio Solution File, Format Version 12.00
# Visual Studio Version 17
VisualStudioVersion = 17.6.33801.468
MinimumVisualStudioVersion = 10.0.40219.1
Project("{9A19103F-16F7-4668-BE54-9A1E7A4F7556}") = "e-learning-back-end", "e-learning-back-end\e-learning-back-end.csproj", "{EFB85C96-F868-42E5-97B5-273878363FF7}"
EndProject
Project("{9A19103F-16F7-4668-BE54-9A1E7A4F7556}") = "e-learning-back-end.logics", "e-learning-back-end.logics\e-learning-back-end.logics.csproj", "{E86E4B3F-A699-4D89-9FCD-F8540DB10187}"
EndProject
Global
	GlobalSection(SolutionConfigurationPlatforms) = preSolution
		Debug|Any CPU = Debug|Any CPU
		Release|Any CPU = Release|Any CPU
	EndGlobalSection
	GlobalSection(ProjectConfigurationPlatforms) = postSolution
		{EFB85C96-F868-42E5-97B5-273878363FF7}.Debug|Any CPU.ActiveCfg = Debug|Any CPU
		{EFB85C96-F868-42E5-97B5-273878363FF7}.Debug|Any CPU.Build.0 = Debug|Any CPU
		{EFB85C96-F868-42E5-97B5-273878363FF7}.Release|Any CPU.ActiveCfg = Release|Any CPU
		{EFB85C96-F868-42E5-97B5-273878363FF7}.Release|Any CPU.Build.0 = Release|Any CPU
		{E86E4B3F-A699-4D89-9FCD-F8540DB10187}.Debug|Any CPU.ActiveCfg = Debug|Any CPU
		{E86E4B3F-A699-4D89-9FCD-F8540DB10187}.Debug|Any CPU.Build.0 = Debug|Any CPU
		{E86E4B3F-A699-4D89-9FCD-F8540DB10187}.Release|Any CPU.ActiveCfg = Release|Any CPU
		{E86E4B3F-A699-4D89-9FCD-F8540DB10187}.Release|Any CPU.Build.0 = Release|Any CPU
	EndGlobalSection
	GlobalSection(SolutionProperties) = preSolution
		HideSolutionNode = FALSE
	EndGlobalSection
	GlobalSection(ExtensibilityGlobals) = postSolution
		SolutionGuid = {1B3538B1-7E30-49E5-A4F0-BEA2F5FCCEB1}
	EndGlobalSection
EndGlobal
